{
  "object": {
    "pins": [
      {
        "package": "AEXML",
        "repositoryURL": "https://github.com/tadija/AEXML.git",
        "state": {
          "branch": null,
          "revision": "38f7d00b23ecd891e1ee656fa6aeebd6ba04ecc3",
          "version": "4.6.1"
        }
      }
    ]
  },
  "version": 1
}
